
Microsoft Visual Studio Solution File, Format Version 12.00
# Visual Studio Version 16
VisualStudioVersion = 16.0.31205.134
MinimumVisualStudioVersion = 10.0.40219.1
Project("{FAE04EC0-301F-11D3-BF4B-00C04F79EFBC}") = "ejercicioprueba", "ejercicioprueba.csproj", "{37A05530-5906-45AC-8865-2FEFDDEEDDBD}"
EndProject
Global
	GlobalSection(SolutionConfigurationPlatforms) = preSolution
		Debug|Any CPU = Debug|Any CPU
		Release|Any CPU = Release|Any CPU
	EndGlobalSection
	GlobalSection(ProjectConfigurationPlatforms) = postSolution
		{37A05530-5906-45AC-8865-2FEFDDEEDDBD}.Debug|Any CPU.ActiveCfg = Debug|Any CPU
		{37A05530-5906-45AC-8865-2FEFDDEEDDBD}.Debug|Any CPU.Build.0 = Debug|Any CPU
		{37A05530-5906-45AC-8865-2FEFDDEEDDBD}.Release|Any CPU.ActiveCfg = Release|Any CPU
		{37A05530-5906-45AC-8865-2FEFDDEEDDBD}.Release|Any CPU.Build.0 = Release|Any CPU
	EndGlobalSection
	GlobalSection(SolutionProperties) = preSolution
		HideSolutionNode = FALSE
	EndGlobalSection
	GlobalSection(ExtensibilityGlobals) = postSolution
		SolutionGuid = {54F9B446-0235-4494-9874-5D6292E83A25}
	EndGlobalSection
EndGlobal
